
Microsoft Visual Studio Solution File, Format Version 12.00
# Visual Studio 15
VisualStudioVersion = 15.0.26124.0
MinimumVisualStudioVersion = 15.0.26124.0
Project("{FAE04EC0-301F-11D3-BF4B-00C04F79EFBC}") = "Domain", "Domain\Domain.csproj", "{AF07C55A-9501-4375-85D3-A8FABC796DA2}"
EndProject
Project("{FAE04EC0-301F-11D3-BF4B-00C04F79EFBC}") = "Persistance", "Persistance\Persistance.csproj", "{90FFCBCC-0E21-4481-B3B6-296BE5E6FF96}"
EndProject
Project("{FAE04EC0-301F-11D3-BF4B-00C04F79EFBC}") = "Application", "Application\Application.csproj", "{5E4AE935-2986-4F28-9994-0270B06476B2}"
EndProject
Project("{FAE04EC0-301F-11D3-BF4B-00C04F79EFBC}") = "API", "API\API.csproj", "{CD6A300A-A29F-4186-8744-CF8FFECDB23A}"
EndProject
Project("{FAE04EC0-301F-11D3-BF4B-00C04F79EFBC}") = "Infrastructure", "Infrastructure\Infrastructure.csproj", "{6578A954-3014-4DBD-82F3-807D63EB6227}"
EndProject
Global
	GlobalSection(SolutionConfigurationPlatforms) = preSolution
		Debug|Any CPU = Debug|Any CPU
		Debug|x64 = Debug|x64
		Debug|x86 = Debug|x86
		Release|Any CPU = Release|Any CPU
		Release|x64 = Release|x64
		Release|x86 = Release|x86
	EndGlobalSection
	GlobalSection(SolutionProperties) = preSolution
		HideSolutionNode = FALSE
	EndGlobalSection
	GlobalSection(ProjectConfigurationPlatforms) = postSolution
		{AF07C55A-9501-4375-85D3-A8FABC796DA2}.Debug|Any CPU.ActiveCfg = Debug|Any CPU
		{AF07C55A-9501-4375-85D3-A8FABC796DA2}.Debug|Any CPU.Build.0 = Debug|Any CPU
		{AF07C55A-9501-4375-85D3-A8FABC796DA2}.Debug|x64.ActiveCfg = Debug|Any CPU
		{AF07C55A-9501-4375-85D3-A8FABC796DA2}.Debug|x64.Build.0 = Debug|Any CPU
		{AF07C55A-9501-4375-85D3-A8FABC796DA2}.Debug|x86.ActiveCfg = Debug|Any CPU
		{AF07C55A-9501-4375-85D3-A8FABC796DA2}.Debug|x86.Build.0 = Debug|Any CPU
		{AF07C55A-9501-4375-85D3-A8FABC796DA2}.Release|Any CPU.ActiveCfg = Release|Any CPU
		{AF07C55A-9501-4375-85D3-A8FABC796DA2}.Release|Any CPU.Build.0 = Release|Any CPU
		{AF07C55A-9501-4375-85D3-A8FABC796DA2}.Release|x64.ActiveCfg = Release|Any CPU
		{AF07C55A-9501-4375-85D3-A8FABC796DA2}.Release|x64.Build.0 = Release|Any CPU
		{AF07C55A-9501-4375-85D3-A8FABC796DA2}.Release|x86.ActiveCfg = Release|Any CPU
		{AF07C55A-9501-4375-85D3-A8FABC796DA2}.Release|x86.Build.0 = Release|Any CPU
		{90FFCBCC-0E21-4481-B3B6-296BE5E6FF96}.Debug|Any CPU.ActiveCfg = Debug|Any CPU
		{90FFCBCC-0E21-4481-B3B6-296BE5E6FF96}.Debug|Any CPU.Build.0 = Debug|Any CPU
		{90FFCBCC-0E21-4481-B3B6-296BE5E6FF96}.Debug|x64.ActiveCfg = Debug|Any CPU
		{90FFCBCC-0E21-4481-B3B6-296BE5E6FF96}.Debug|x64.Build.0 = Debug|Any CPU
		{90FFCBCC-0E21-4481-B3B6-296BE5E6FF96}.Debug|x86.ActiveCfg = Debug|Any CPU
		{90FFCBCC-0E21-4481-B3B6-296BE5E6FF96}.Debug|x86.Build.0 = Debug|Any CPU
		{90FFCBCC-0E21-4481-B3B6-296BE5E6FF96}.Release|Any CPU.ActiveCfg = Release|Any CPU
		{90FFCBCC-0E21-4481-B3B6-296BE5E6FF96}.Release|Any CPU.Build.0 = Release|Any CPU
		{90FFCBCC-0E21-4481-B3B6-296BE5E6FF96}.Release|x64.ActiveCfg = Release|Any CPU
		{90FFCBCC-0E21-4481-B3B6-296BE5E6FF96}.Release|x64.Build.0 = Release|Any CPU
		{90FFCBCC-0E21-4481-B3B6-296BE5E6FF96}.Release|x86.ActiveCfg = Release|Any CPU
		{90FFCBCC-0E21-4481-B3B6-296BE5E6FF96}.Release|x86.Build.0 = Release|Any CPU
		{5E4AE935-2986-4F28-9994-0270B06476B2}.Debug|Any CPU.ActiveCfg = Debug|Any CPU
		{5E4AE935-2986-4F28-9994-0270B06476B2}.Debug|Any CPU.Build.0 = Debug|Any CPU
		{5E4AE935-2986-4F28-9994-0270B06476B2}.Debug|x64.ActiveCfg = Debug|Any CPU
		{5E4AE935-2986-4F28-9994-0270B06476B2}.Debug|x64.Build.0 = Debug|Any CPU
		{5E4AE935-2986-4F28-9994-0270B06476B2}.Debug|x86.ActiveCfg = Debug|Any CPU
		{5E4AE935-2986-4F28-9994-0270B06476B2}.Debug|x86.Build.0 = Debug|Any CPU
		{5E4AE935-2986-4F28-9994-0270B06476B2}.Release|Any CPU.ActiveCfg = Release|Any CPU
		{5E4AE935-2986-4F28-9994-0270B06476B2}.Release|Any CPU.Build.0 = Release|Any CPU
		{5E4AE935-2986-4F28-9994-0270B06476B2}.Release|x64.ActiveCfg = Release|Any CPU
		{5E4AE935-2986-4F28-9994-0270B06476B2}.Release|x64.Build.0 = Release|Any CPU
		{5E4AE935-2986-4F28-9994-0270B06476B2}.Release|x86.ActiveCfg = Release|Any CPU
		{5E4AE935-2986-4F28-9994-0270B06476B2}.Release|x86.Build.0 = Release|Any CPU
		{CD6A300A-A29F-4186-8744-CF8FFECDB23A}.Debug|Any CPU.ActiveCfg = Debug|Any CPU
		{CD6A300A-A29F-4186-8744-CF8FFECDB23A}.Debug|Any CPU.Build.0 = Debug|Any CPU
		{CD6A300A-A29F-4186-8744-CF8FFECDB23A}.Debug|x64.ActiveCfg = Debug|Any CPU
		{CD6A300A-A29F-4186-8744-CF8FFECDB23A}.Debug|x64.Build.0 = Debug|Any CPU
		{CD6A300A-A29F-4186-8744-CF8FFECDB23A}.Debug|x86.ActiveCfg = Debug|Any CPU
		{CD6A300A-A29F-4186-8744-CF8FFECDB23A}.Debug|x86.Build.0 = Debug|Any CPU
		{CD6A300A-A29F-4186-8744-CF8FFECDB23A}.Release|Any CPU.ActiveCfg = Release|Any CPU
		{CD6A300A-A29F-4186-8744-CF8FFECDB23A}.Release|Any CPU.Build.0 = Release|Any CPU
		{CD6A300A-A29F-4186-8744-CF8FFECDB23A}.Release|x64.ActiveCfg = Release|Any CPU
		{CD6A300A-A29F-4186-8744-CF8FFECDB23A}.Release|x64.Build.0 = Release|Any CPU
		{CD6A300A-A29F-4186-8744-CF8FFECDB23A}.Release|x86.ActiveCfg = Release|Any CPU
		{CD6A300A-A29F-4186-8744-CF8FFECDB23A}.Release|x86.Build.0 = Release|Any CPU
		{6578A954-3014-4DBD-82F3-807D63EB6227}.Debug|Any CPU.ActiveCfg = Debug|Any CPU
		{6578A954-3014-4DBD-82F3-807D63EB6227}.Debug|Any CPU.Build.0 = Debug|Any CPU
		{6578A954-3014-4DBD-82F3-807D63EB6227}.Debug|x64.ActiveCfg = Debug|Any CPU
		{6578A954-3014-4DBD-82F3-807D63EB6227}.Debug|x64.Build.0 = Debug|Any CPU
		{6578A954-3014-4DBD-82F3-807D63EB6227}.Debug|x86.ActiveCfg = Debug|Any CPU
		{6578A954-3014-4DBD-82F3-807D63EB6227}.Debug|x86.Build.0 = Debug|Any CPU
		{6578A954-3014-4DBD-82F3-807D63EB6227}.Release|Any CPU.ActiveCfg = Release|Any CPU
		{6578A954-3014-4DBD-82F3-807D63EB6227}.Release|Any CPU.Build.0 = Release|Any CPU
		{6578A954-3014-4DBD-82F3-807D63EB6227}.Release|x64.ActiveCfg = Release|Any CPU
		{6578A954-3014-4DBD-82F3-807D63EB6227}.Release|x64.Build.0 = Release|Any CPU
		{6578A954-3014-4DBD-82F3-807D63EB6227}.Release|x86.ActiveCfg = Release|Any CPU
		{6578A954-3014-4DBD-82F3-807D63EB6227}.Release|x86.Build.0 = Release|Any CPU
	EndGlobalSection
EndGlobal
